
Microsoft Visual Studio Solution File, Format Version 12.00
# Visual Studio Version 16
VisualStudioVersion = 16.0.31005.135
MinimumVisualStudioVersion = 10.0.40219.1
Project("{9A19103F-16F7-4668-BE54-9A1E7A4F7556}") = "Tarea3_DWB", "Tarea3_DWB\Tarea3_DWB.csproj", "{CEDCB1EA-FE21-4628-AC66-4F2CA8A0D716}"
EndProject
Project("{9A19103F-16F7-4668-BE54-9A1E7A4F7556}") = "ApiRestNortwind", "ApiRestNortwind\ApiRestNortwind.csproj", "{70BCE76C-1CC8-4789-B12B-75296EEC4AE8}"
EndProject
Global
	GlobalSection(SolutionConfigurationPlatforms) = preSolution
		Debug|Any CPU = Debug|Any CPU
		Release|Any CPU = Release|Any CPU
	EndGlobalSection
	GlobalSection(ProjectConfigurationPlatforms) = postSolution
		{CEDCB1EA-FE21-4628-AC66-4F2CA8A0D716}.Debug|Any CPU.ActiveCfg = Debug|Any CPU
		{CEDCB1EA-FE21-4628-AC66-4F2CA8A0D716}.Debug|Any CPU.Build.0 = Debug|Any CPU
		{CEDCB1EA-FE21-4628-AC66-4F2CA8A0D716}.Release|Any CPU.ActiveCfg = Release|Any CPU
		{CEDCB1EA-FE21-4628-AC66-4F2CA8A0D716}.Release|Any CPU.Build.0 = Release|Any CPU
		{70BCE76C-1CC8-4789-B12B-75296EEC4AE8}.Debug|Any CPU.ActiveCfg = Debug|Any CPU
		{70BCE76C-1CC8-4789-B12B-75296EEC4AE8}.Debug|Any CPU.Build.0 = Debug|Any CPU
		{70BCE76C-1CC8-4789-B12B-75296EEC4AE8}.Release|Any CPU.ActiveCfg = Release|Any CPU
		{70BCE76C-1CC8-4789-B12B-75296EEC4AE8}.Release|Any CPU.Build.0 = Release|Any CPU
	EndGlobalSection
	GlobalSection(SolutionProperties) = preSolution
		HideSolutionNode = FALSE
	EndGlobalSection
	GlobalSection(ExtensibilityGlobals) = postSolution
		SolutionGuid = {051995F2-5C4D-40DC-9BF2-AEA179084344}
	EndGlobalSection
EndGlobal
